
Microsoft Visual Studio Solution File, Format Version 12.00
# Visual Studio 15
VisualStudioVersion = 15.0.27703.2000
MinimumVisualStudioVersion = 10.0.40219.1
Project("{8BC9CEB8-8B4A-11D0-8D11-00A0C91BC942}") = "Primeira Aula", "Alg2-0910\Alg2-0910.vcxproj", "{9D52EF23-AB8E-4975-9F5E-161DE8A02EEF}"
EndProject
Project("{8BC9CEB8-8B4A-11D0-8D11-00A0C91BC942}") = "1610", "1610\1610.vcxproj", "{F0A92A7F-1760-4F3D-B23F-F46FD434A745}"
EndProject
Project("{8BC9CEB8-8B4A-11D0-8D11-00A0C91BC942}") = "1610_Condicionais", "1610_Condicionais\1610_Condicionais.vcxproj", "{B77AD663-C3C3-47F5-8847-2A2389EB9E50}"
EndProject
Project("{8BC9CEB8-8B4A-11D0-8D11-00A0C91BC942}") = "1810_Condicionais", "1810_Condicionais\1810_Condicionais.vcxproj", "{8910D1E0-B623-4544-8999-B3F426B39496}"
EndProject
Project("{8BC9CEB8-8B4A-11D0-8D11-00A0C91BC942}") = "2310_Condicionais", "2310_Condicionais\2310_Condicionais.vcxproj", "{F515361E-FEC3-431D-A9B1-E9A9A1E5F3B4}"
EndProject
Project("{8BC9CEB8-8B4A-11D0-8D11-00A0C91BC942}") = "3010_Exercicios", "3010_Exercicios\3010_Exercicios.vcxproj", "{F9B86401-4A33-4A46-9D23-6168A2DB5CB1}"
EndProject
Project("{8BC9CEB8-8B4A-11D0-8D11-00A0C91BC942}") = "0811_Exercicios", "ConsoleApplication1\ConsoleApplication1.vcxproj", "{38EC641C-A936-4C5D-B0EA-54C14D4570B3}"
EndProject
Project("{8BC9CEB8-8B4A-11D0-8D11-00A0C91BC942}") = "0811_Ponteiro", "0811_Ponteiro\0811_Ponteiro.vcxproj", "{1946C78E-99EE-4499-B69C-6BE497E742BF}"
EndProject
Project("{8BC9CEB8-8B4A-11D0-8D11-00A0C91BC942}") = "2011_Exercicios", "2011_Exercicios\2011_Exercicios.vcxproj", "{DE332463-8C6D-4E69-84A9-3CB2688EB2BC}"
EndProject
Project("{8BC9CEB8-8B4A-11D0-8D11-00A0C91BC942}") = "2011_Structs", "2011_Structs\2011_Structs.vcxproj", "{43740170-324F-4506-A7D6-339D65EBBDB7}"
EndProject
Project("{8BC9CEB8-8B4A-11D0-8D11-00A0C91BC942}") = "Exercicio 1 e 7", "Exercicio 1 e 7\Exercicio 1 e 7.vcxproj", "{7F2C6534-7222-4828-82CF-DFAC3BB7A1BC}"
EndProject
Project("{8BC9CEB8-8B4A-11D0-8D11-00A0C91BC942}") = "Exercicio 23 ao 26", "Exercicio 23 ao 26\Exercicio 23 ao 26.vcxproj", "{D9FF2B3F-B29C-4B39-AB18-1D4243B54B1F}"
EndProject
Project("{8BC9CEB8-8B4A-11D0-8D11-00A0C91BC942}") = "Exercicio 17", "Exercicio 17\Exercicio 17.vcxproj", "{3CAE7DD0-AEAF-4C4F-9FBB-E6CBECE4C821}"
EndProject
Project("{8BC9CEB8-8B4A-11D0-8D11-00A0C91BC942}") = "Exercicio 21", "Exercicio 21\Exercicio 21.vcxproj", "{D13136EA-E8B9-470C-A256-383E6A40FDE5}"
EndProject
Project("{8BC9CEB8-8B4A-11D0-8D11-00A0C91BC942}") = "Exercicio 28", "Exercicio 28\Exercicio 28.vcxproj", "{56E2C59B-D38A-441D-8385-857DDB3C9948}"
EndProject
Project("{8BC9CEB8-8B4A-11D0-8D11-00A0C91BC942}") = "Exercicio 18", "Exercicio 18\Exercicio 18.vcxproj", "{A8EE0164-1387-4DBB-9003-BDD72219AEDD}"
EndProject
Project("{8BC9CEB8-8B4A-11D0-8D11-00A0C91BC942}") = "Exercicio 19", "Exercicio 19\Exercicio 19.vcxproj", "{157B6FBA-6539-40B0-849D-FE143400CAAB}"
EndProject
Project("{8BC9CEB8-8B4A-11D0-8D11-00A0C91BC942}") = "Exercicio 22", "Exercicio 22\Exercicio 22.vcxproj", "{D05C775A-EE7B-4616-9CC5-49267304BC3F}"
EndProject
Project("{8BC9CEB8-8B4A-11D0-8D11-00A0C91BC942}") = "Exercicio 27 Finalizado", "Exercicio 27 Finalizado\Exercicio 27 Finalizado.vcxproj", "{82A6F0FD-1189-4819-BC53-F80AB3650708}"
EndProject
Project("{8BC9CEB8-8B4A-11D0-8D11-00A0C91BC942}") = "Exercicio 29", "Exercicio 29\Exercicio 29.vcxproj", "{305B456A-86BC-452A-8FD1-C94858A4F462}"
EndProject
Global
	GlobalSection(SolutionConfigurationPlatforms) = preSolution
		Debug|x64 = Debug|x64
		Debug|x86 = Debug|x86
		Release|x64 = Release|x64
		Release|x86 = Release|x86
	EndGlobalSection
	GlobalSection(ProjectConfigurationPlatforms) = postSolution
		{9D52EF23-AB8E-4975-9F5E-161DE8A02EEF}.Debug|x64.ActiveCfg = Debug|x64
		{9D52EF23-AB8E-4975-9F5E-161DE8A02EEF}.Debug|x64.Build.0 = Debug|x64
		{9D52EF23-AB8E-4975-9F5E-161DE8A02EEF}.Debug|x86.ActiveCfg = Debug|Win32
		{9D52EF23-AB8E-4975-9F5E-161DE8A02EEF}.Debug|x86.Build.0 = Debug|Win32
		{9D52EF23-AB8E-4975-9F5E-161DE8A02EEF}.Release|x64.ActiveCfg = Release|x64
		{9D52EF23-AB8E-4975-9F5E-161DE8A02EEF}.Release|x64.Build.0 = Release|x64
		{9D52EF23-AB8E-4975-9F5E-161DE8A02EEF}.Release|x86.ActiveCfg = Release|Win32
		{9D52EF23-AB8E-4975-9F5E-161DE8A02EEF}.Release|x86.Build.0 = Release|Win32
		{F0A92A7F-1760-4F3D-B23F-F46FD434A745}.Debug|x64.ActiveCfg = Debug|x64
		{F0A92A7F-1760-4F3D-B23F-F46FD434A745}.Debug|x64.Build.0 = Debug|x64
		{F0A92A7F-1760-4F3D-B23F-F46FD434A745}.Debug|x86.ActiveCfg = Debug|Win32
		{F0A92A7F-1760-4F3D-B23F-F46FD434A745}.Debug|x86.Build.0 = Debug|Win32
		{F0A92A7F-1760-4F3D-B23F-F46FD434A745}.Release|x64.ActiveCfg = Release|x64
		{F0A92A7F-1760-4F3D-B23F-F46FD434A745}.Release|x64.Build.0 = Release|x64
		{F0A92A7F-1760-4F3D-B23F-F46FD434A745}.Release|x86.ActiveCfg = Release|Win32
		{F0A92A7F-1760-4F3D-B23F-F46FD434A745}.Release|x86.Build.0 = Release|Win32
		{B77AD663-C3C3-47F5-8847-2A2389EB9E50}.Debug|x64.ActiveCfg = Debug|x64
		{B77AD663-C3C3-47F5-8847-2A2389EB9E50}.Debug|x64.Build.0 = Debug|x64
		{B77AD663-C3C3-47F5-8847-2A2389EB9E50}.Debug|x86.ActiveCfg = Debug|Win32
		{B77AD663-C3C3-47F5-8847-2A2389EB9E50}.Debug|x86.Build.0 = Debug|Win32
		{B77AD663-C3C3-47F5-8847-2A2389EB9E50}.Release|x64.ActiveCfg = Release|x64
		{B77AD663-C3C3-47F5-8847-2A2389EB9E50}.Release|x64.Build.0 = Release|x64
		{B77AD663-C3C3-47F5-8847-2A2389EB9E50}.Release|x86.ActiveCfg = Release|Win32
		{B77AD663-C3C3-47F5-8847-2A2389EB9E50}.Release|x86.Build.0 = Release|Win32
		{8910D1E0-B623-4544-8999-B3F426B39496}.Debug|x64.ActiveCfg = Debug|x64
		{8910D1E0-B623-4544-8999-B3F426B39496}.Debug|x64.Build.0 = Debug|x64
		{8910D1E0-B623-4544-8999-B3F426B39496}.Debug|x86.ActiveCfg = Debug|Win32
		{8910D1E0-B623-4544-8999-B3F426B39496}.Debug|x86.Build.0 = Debug|Win32
		{8910D1E0-B623-4544-8999-B3F426B39496}.Release|x64.ActiveCfg = Release|x64
		{8910D1E0-B623-4544-8999-B3F426B39496}.Release|x64.Build.0 = Release|x64
		{8910D1E0-B623-4544-8999-B3F426B39496}.Release|x86.ActiveCfg = Release|Win32
		{8910D1E0-B623-4544-8999-B3F426B39496}.Release|x86.Build.0 = Release|Win32
		{F515361E-FEC3-431D-A9B1-E9A9A1E5F3B4}.Debug|x64.ActiveCfg = Debug|x64
		{F515361E-FEC3-431D-A9B1-E9A9A1E5F3B4}.Debug|x64.Build.0 = Debug|x64
		{F515361E-FEC3-431D-A9B1-E9A9A1E5F3B4}.Debug|x86.ActiveCfg = Debug|Win32
		{F515361E-FEC3-431D-A9B1-E9A9A1E5F3B4}.Debug|x86.Build.0 = Debug|Win32
		{F515361E-FEC3-431D-A9B1-E9A9A1E5F3B4}.Release|x64.ActiveCfg = Release|x64
		{F515361E-FEC3-431D-A9B1-E9A9A1E5F3B4}.Release|x64.Build.0 = Release|x64
		{F515361E-FEC3-431D-A9B1-E9A9A1E5F3B4}.Release|x86.ActiveCfg = Release|Win32
		{F515361E-FEC3-431D-A9B1-E9A9A1E5F3B4}.Release|x86.Build.0 = Release|Win32
		{F9B86401-4A33-4A46-9D23-6168A2DB5CB1}.Debug|x64.ActiveCfg = Debug|x64
		{F9B86401-4A33-4A46-9D23-6168A2DB5CB1}.Debug|x64.Build.0 = Debug|x64
		{F9B86401-4A33-4A46-9D23-6168A2DB5CB1}.Debug|x86.ActiveCfg = Debug|Win32
		{F9B86401-4A33-4A46-9D23-6168A2DB5CB1}.Debug|x86.Build.0 = Debug|Win32
		{F9B86401-4A33-4A46-9D23-6168A2DB5CB1}.Release|x64.ActiveCfg = Release|x64
		{F9B86401-4A33-4A46-9D23-6168A2DB5CB1}.Release|x64.Build.0 = Release|x64
		{F9B86401-4A33-4A46-9D23-6168A2DB5CB1}.Release|x86.ActiveCfg = Release|Win32
		{F9B86401-4A33-4A46-9D23-6168A2DB5CB1}.Release|x86.Build.0 = Release|Win32
		{38EC641C-A936-4C5D-B0EA-54C14D4570B3}.Debug|x64.ActiveCfg = Debug|x64
		{38EC641C-A936-4C5D-B0EA-54C14D4570B3}.Debug|x64.Build.0 = Debug|x64
		{38EC641C-A936-4C5D-B0EA-54C14D4570B3}.Debug|x86.ActiveCfg = Debug|Win32
		{38EC641C-A936-4C5D-B0EA-54C14D4570B3}.Debug|x86.Build.0 = Debug|Win32
		{38EC641C-A936-4C5D-B0EA-54C14D4570B3}.Release|x64.ActiveCfg = Release|x64
		{38EC641C-A936-4C5D-B0EA-54C14D4570B3}.Release|x64.Build.0 = Release|x64
		{38EC641C-A936-4C5D-B0EA-54C14D4570B3}.Release|x86.ActiveCfg = Release|Win32
		{38EC641C-A936-4C5D-B0EA-54C14D4570B3}.Release|x86.Build.0 = Release|Win32
		{1946C78E-99EE-4499-B69C-6BE497E742BF}.Debug|x64.ActiveCfg = Debug|x64
		{1946C78E-99EE-4499-B69C-6BE497E742BF}.Debug|x64.Build.0 = Debug|x64
		{1946C78E-99EE-4499-B69C-6BE497E742BF}.Debug|x86.ActiveCfg = Debug|Win32
		{1946C78E-99EE-4499-B69C-6BE497E742BF}.Debug|x86.Build.0 = Debug|Win32
		{1946C78E-99EE-4499-B69C-6BE497E742BF}.Release|x64.ActiveCfg = Release|x64
		{1946C78E-99EE-4499-B69C-6BE497E742BF}.Release|x64.Build.0 = Release|x64
		{1946C78E-99EE-4499-B69C-6BE497E742BF}.Release|x86.ActiveCfg = Release|Win32
		{1946C78E-99EE-4499-B69C-6BE497E742BF}.Release|x86.Build.0 = Release|Win32
		{DE332463-8C6D-4E69-84A9-3CB2688EB2BC}.Debug|x64.ActiveCfg = Debug|x64
		{DE332463-8C6D-4E69-84A9-3CB2688EB2BC}.Debug|x64.Build.0 = Debug|x64
		{DE332463-8C6D-4E69-84A9-3CB2688EB2BC}.Debug|x86.ActiveCfg = Debug|Win32
		{DE332463-8C6D-4E69-84A9-3CB2688EB2BC}.Debug|x86.Build.0 = Debug|Win32
		{DE332463-8C6D-4E69-84A9-3CB2688EB2BC}.Release|x64.ActiveCfg = Release|x64
		{DE332463-8C6D-4E69-84A9-3CB2688EB2BC}.Release|x64.Build.0 = Release|x64
		{DE332463-8C6D-4E69-84A9-3CB2688EB2BC}.Release|x86.ActiveCfg = Release|Win32
		{DE332463-8C6D-4E69-84A9-3CB2688EB2BC}.Release|x86.Build.0 = Release|Win32
		{43740170-324F-4506-A7D6-339D65EBBDB7}.Debug|x64.ActiveCfg = Debug|x64
		{43740170-324F-4506-A7D6-339D65EBBDB7}.Debug|x64.Build.0 = Debug|x64
		{43740170-324F-4506-A7D6-339D65EBBDB7}.Debug|x86.ActiveCfg = Debug|Win32
		{43740170-324F-4506-A7D6-339D65EBBDB7}.Debug|x86.Build.0 = Debug|Win32
		{43740170-324F-4506-A7D6-339D65EBBDB7}.Release|x64.ActiveCfg = Release|x64
		{43740170-324F-4506-A7D6-339D65EBBDB7}.Release|x64.Build.0 = Release|x64
		{43740170-324F-4506-A7D6-339D65EBBDB7}.Release|x86.ActiveCfg = Release|Win32
		{43740170-324F-4506-A7D6-339D65EBBDB7}.Release|x86.Build.0 = Release|Win32
		{7F2C6534-7222-4828-82CF-DFAC3BB7A1BC}.Debug|x64.ActiveCfg = Debug|x64
		{7F2C6534-7222-4828-82CF-DFAC3BB7A1BC}.Debug|x64.Build.0 = Debug|x64
		{7F2C6534-7222-4828-82CF-DFAC3BB7A1BC}.Debug|x86.ActiveCfg = Debug|Win32
		{7F2C6534-7222-4828-82CF-DFAC3BB7A1BC}.Debug|x86.Build.0 = Debug|Win32
		{7F2C6534-7222-4828-82CF-DFAC3BB7A1BC}.Release|x64.ActiveCfg = Release|x64
		{7F2C6534-7222-4828-82CF-DFAC3BB7A1BC}.Release|x64.Build.0 = Release|x64
		{7F2C6534-7222-4828-82CF-DFAC3BB7A1BC}.Release|x86.ActiveCfg = Release|Win32
		{7F2C6534-7222-4828-82CF-DFAC3BB7A1BC}.Release|x86.Build.0 = Release|Win32
		{D9FF2B3F-B29C-4B39-AB18-1D4243B54B1F}.Debug|x64.ActiveCfg = Debug|x64
		{D9FF2B3F-B29C-4B39-AB18-1D4243B54B1F}.Debug|x64.Build.0 = Debug|x64
		{D9FF2B3F-B29C-4B39-AB18-1D4243B54B1F}.Debug|x86.ActiveCfg = Debug|Win32
		{D9FF2B3F-B29C-4B39-AB18-1D4243B54B1F}.Debug|x86.Build.0 = Debug|Win32
		{D9FF2B3F-B29C-4B39-AB18-1D4243B54B1F}.Release|x64.ActiveCfg = Release|x64
		{D9FF2B3F-B29C-4B39-AB18-1D4243B54B1F}.Release|x64.Build.0 = Release|x64
		{D9FF2B3F-B29C-4B39-AB18-1D4243B54B1F}.Release|x86.ActiveCfg = Release|Win32
		{D9FF2B3F-B29C-4B39-AB18-1D4243B54B1F}.Release|x86.Build.0 = Release|Win32
		{3CAE7DD0-AEAF-4C4F-9FBB-E6CBECE4C821}.Debug|x64.ActiveCfg = Debug|x64
		{3CAE7DD0-AEAF-4C4F-9FBB-E6CBECE4C821}.Debug|x64.Build.0 = Debug|x64
		{3CAE7DD0-AEAF-4C4F-9FBB-E6CBECE4C821}.Debug|x86.ActiveCfg = Debug|Win32
		{3CAE7DD0-AEAF-4C4F-9FBB-E6CBECE4C821}.Debug|x86.Build.0 = Debug|Win32
		{3CAE7DD0-AEAF-4C4F-9FBB-E6CBECE4C821}.Release|x64.ActiveCfg = Release|x64
		{3CAE7DD0-AEAF-4C4F-9FBB-E6CBECE4C821}.Release|x64.Build.0 = Release|x64
		{3CAE7DD0-AEAF-4C4F-9FBB-E6CBECE4C821}.Release|x86.ActiveCfg = Release|Win32
		{3CAE7DD0-AEAF-4C4F-9FBB-E6CBECE4C821}.Release|x86.Build.0 = Release|Win32
		{D13136EA-E8B9-470C-A256-383E6A40FDE5}.Debug|x64.ActiveCfg = Debug|x64
		{D13136EA-E8B9-470C-A256-383E6A40FDE5}.Debug|x64.Build.0 = Debug|x64
		{D13136EA-E8B9-470C-A256-383E6A40FDE5}.Debug|x86.ActiveCfg = Debug|Win32
		{D13136EA-E8B9-470C-A256-383E6A40FDE5}.Debug|x86.Build.0 = Debug|Win32
		{D13136EA-E8B9-470C-A256-383E6A40FDE5}.Release|x64.ActiveCfg = Release|x64
		{D13136EA-E8B9-470C-A256-383E6A40FDE5}.Release|x64.Build.0 = Release|x64
		{D13136EA-E8B9-470C-A256-383E6A40FDE5}.Release|x86.ActiveCfg = Release|Win32
		{D13136EA-E8B9-470C-A256-383E6A40FDE5}.Release|x86.Build.0 = Release|Win32
		{56E2C59B-D38A-441D-8385-857DDB3C9948}.Debug|x64.ActiveCfg = Debug|x64
		{56E2C59B-D38A-441D-8385-857DDB3C9948}.Debug|x64.Build.0 = Debug|x64
		{56E2C59B-D38A-441D-8385-857DDB3C9948}.Debug|x86.ActiveCfg = Debug|Win32
		{56E2C59B-D38A-441D-8385-857DDB3C9948}.Debug|x86.Build.0 = Debug|Win32
		{56E2C59B-D38A-441D-8385-857DDB3C9948}.Release|x64.ActiveCfg = Release|x64
		{56E2C59B-D38A-441D-8385-857DDB3C9948}.Release|x64.Build.0 = Release|x64
		{56E2C59B-D38A-441D-8385-857DDB3C9948}.Release|x86.ActiveCfg = Release|Win32
		{56E2C59B-D38A-441D-8385-857DDB3C9948}.Release|x86.Build.0 = Release|Win32
		{A8EE0164-1387-4DBB-9003-BDD72219AEDD}.Debug|x64.ActiveCfg = Debug|x64
		{A8EE0164-1387-4DBB-9003-BDD72219AEDD}.Debug|x64.Build.0 = Debug|x64
		{A8EE0164-1387-4DBB-9003-BDD72219AEDD}.Debug|x86.ActiveCfg = Debug|Win32
		{A8EE0164-1387-4DBB-9003-BDD72219AEDD}.Debug|x86.Build.0 = Debug|Win32
		{A8EE0164-1387-4DBB-9003-BDD72219AEDD}.Release|x64.ActiveCfg = Release|x64
		{A8EE0164-1387-4DBB-9003-BDD72219AEDD}.Release|x64.Build.0 = Release|x64
		{A8EE0164-1387-4DBB-9003-BDD72219AEDD}.Release|x86.ActiveCfg = Release|Win32
		{A8EE0164-1387-4DBB-9003-BDD72219AEDD}.Release|x86.Build.0 = Release|Win32
		{157B6FBA-6539-40B0-849D-FE143400CAAB}.Debug|x64.ActiveCfg = Debug|x64
		{157B6FBA-6539-40B0-849D-FE143400CAAB}.Debug|x64.Build.0 = Debug|x64
		{157B6FBA-6539-40B0-849D-FE143400CAAB}.Debug|x86.ActiveCfg = Debug|Win32
		{157B6FBA-6539-40B0-849D-FE143400CAAB}.Debug|x86.Build.0 = Debug|Win32
		{157B6FBA-6539-40B0-849D-FE143400CAAB}.Release|x64.ActiveCfg = Release|x64
		{157B6FBA-6539-40B0-849D-FE143400CAAB}.Release|x64.Build.0 = Release|x64
		{157B6FBA-6539-40B0-849D-FE143400CAAB}.Release|x86.ActiveCfg = Release|Win32
		{157B6FBA-6539-40B0-849D-FE143400CAAB}.Release|x86.Build.0 = Release|Win32
		{D05C775A-EE7B-4616-9CC5-49267304BC3F}.Debug|x64.ActiveCfg = Debug|x64
		{D05C775A-EE7B-4616-9CC5-49267304BC3F}.Debug|x64.Build.0 = Debug|x64
		{D05C775A-EE7B-4616-9CC5-49267304BC3F}.Debug|x86.ActiveCfg = Debug|Win32
		{D05C775A-EE7B-4616-9CC5-49267304BC3F}.Debug|x86.Build.0 = Debug|Win32
		{D05C775A-EE7B-4616-9CC5-49267304BC3F}.Release|x64.ActiveCfg = Release|x64
		{D05C775A-EE7B-4616-9CC5-49267304BC3F}.Release|x64.Build.0 = Release|x64
		{D05C775A-EE7B-4616-9CC5-49267304BC3F}.Release|x86.ActiveCfg = Release|Win32
		{D05C775A-EE7B-4616-9CC5-49267304BC3F}.Release|x86.Build.0 = Release|Win32
		{82A6F0FD-1189-4819-BC53-F80AB3650708}.Debug|x64.ActiveCfg = Debug|x64
		{82A6F0FD-1189-4819-BC53-F80AB3650708}.Debug|x64.Build.0 = Debug|x64
		{82A6F0FD-1189-4819-BC53-F80AB3650708}.Debug|x86.ActiveCfg = Debug|Win32
		{82A6F0FD-1189-4819-BC53-F80AB3650708}.Debug|x86.Build.0 = Debug|Win32
		{82A6F0FD-1189-4819-BC53-F80AB3650708}.Release|x64.ActiveCfg = Release|x64
		{82A6F0FD-1189-4819-BC53-F80AB3650708}.Release|x64.Build.0 = Release|x64
		{82A6F0FD-1189-4819-BC53-F80AB3650708}.Release|x86.ActiveCfg = Release|Win32
		{82A6F0FD-1189-4819-BC53-F80AB3650708}.Release|x86.Build.0 = Release|Win32
		{305B456A-86BC-452A-8FD1-C94858A4F462}.Debug|x64.ActiveCfg = Debug|x64
		{305B456A-86BC-452A-8FD1-C94858A4F462}.Debug|x64.Build.0 = Debug|x64
		{305B456A-86BC-452A-8FD1-C94858A4F462}.Debug|x86.ActiveCfg = Debug|Win32
		{305B456A-86BC-452A-8FD1-C94858A4F462}.Debug|x86.Build.0 = Debug|Win32
		{305B456A-86BC-452A-8FD1-C94858A4F462}.Release|x64.ActiveCfg = Release|x64
		{305B456A-86BC-452A-8FD1-C94858A4F462}.Release|x64.Build.0 = Release|x64
		{305B456A-86BC-452A-8FD1-C94858A4F462}.Release|x86.ActiveCfg = Release|Win32
		{305B456A-86BC-452A-8FD1-C94858A4F462}.Release|x86.Build.0 = Release|Win32
	EndGlobalSection
	GlobalSection(SolutionProperties) = preSolution
		HideSolutionNode = FALSE
	EndGlobalSection
	GlobalSection(ExtensibilityGlobals) = postSolution
		SolutionGuid = {38B82F46-A807-4484-AD2E-AD0E4DD76759}
	EndGlobalSection
EndGlobal
