
Microsoft Visual Studio Solution File, Format Version 12.00
# Visual Studio 15
VisualStudioVersion = 15.0.27703.2000
MinimumVisualStudioVersion = 10.0.40219.1
Project("{8BC9CEB8-8B4A-11D0-8D11-00A0C91BC942}") = "0910", "Alg2-0910\Alg2-0910.vcxproj", "{9D52EF23-AB8E-4975-9F5E-161DE8A02EEF}"
EndProject
Project("{8BC9CEB8-8B4A-11D0-8D11-00A0C91BC942}") = "1610", "1610\1610.vcxproj", "{F0A92A7F-1760-4F3D-B23F-F46FD434A745}"
EndProject
Project("{8BC9CEB8-8B4A-11D0-8D11-00A0C91BC942}") = "1610_Condicionais", "1610_Condicionais\1610_Condicionais.vcxproj", "{B77AD663-C3C3-47F5-8847-2A2389EB9E50}"
EndProject
Project("{8BC9CEB8-8B4A-11D0-8D11-00A0C91BC942}") = "1810_Condicionais", "1810_Condicionais\1810_Condicionais.vcxproj", "{8910D1E0-B623-4544-8999-B3F426B39496}"
EndProject
Project("{8BC9CEB8-8B4A-11D0-8D11-00A0C91BC942}") = "2310_Condicionais", "2310_Condicionais\2310_Condicionais.vcxproj", "{F515361E-FEC3-431D-A9B1-E9A9A1E5F3B4}"
EndProject
Global
	GlobalSection(SolutionConfigurationPlatforms) = preSolution
		Debug|x64 = Debug|x64
		Debug|x86 = Debug|x86
		Release|x64 = Release|x64
		Release|x86 = Release|x86
	EndGlobalSection
	GlobalSection(ProjectConfigurationPlatforms) = postSolution
		{9D52EF23-AB8E-4975-9F5E-161DE8A02EEF}.Debug|x64.ActiveCfg = Debug|x64
		{9D52EF23-AB8E-4975-9F5E-161DE8A02EEF}.Debug|x64.Build.0 = Debug|x64
		{9D52EF23-AB8E-4975-9F5E-161DE8A02EEF}.Debug|x86.ActiveCfg = Debug|Win32
		{9D52EF23-AB8E-4975-9F5E-161DE8A02EEF}.Debug|x86.Build.0 = Debug|Win32
		{9D52EF23-AB8E-4975-9F5E-161DE8A02EEF}.Release|x64.ActiveCfg = Release|x64
		{9D52EF23-AB8E-4975-9F5E-161DE8A02EEF}.Release|x64.Build.0 = Release|x64
		{9D52EF23-AB8E-4975-9F5E-161DE8A02EEF}.Release|x86.ActiveCfg = Release|Win32
		{9D52EF23-AB8E-4975-9F5E-161DE8A02EEF}.Release|x86.Build.0 = Release|Win32
		{F0A92A7F-1760-4F3D-B23F-F46FD434A745}.Debug|x64.ActiveCfg = Debug|x64
		{F0A92A7F-1760-4F3D-B23F-F46FD434A745}.Debug|x64.Build.0 = Debug|x64
		{F0A92A7F-1760-4F3D-B23F-F46FD434A745}.Debug|x86.ActiveCfg = Debug|Win32
		{F0A92A7F-1760-4F3D-B23F-F46FD434A745}.Debug|x86.Build.0 = Debug|Win32
		{F0A92A7F-1760-4F3D-B23F-F46FD434A745}.Release|x64.ActiveCfg = Release|x64
		{F0A92A7F-1760-4F3D-B23F-F46FD434A745}.Release|x64.Build.0 = Release|x64
		{F0A92A7F-1760-4F3D-B23F-F46FD434A745}.Release|x86.ActiveCfg = Release|Win32
		{F0A92A7F-1760-4F3D-B23F-F46FD434A745}.Release|x86.Build.0 = Release|Win32
		{B77AD663-C3C3-47F5-8847-2A2389EB9E50}.Debug|x64.ActiveCfg = Debug|x64
		{B77AD663-C3C3-47F5-8847-2A2389EB9E50}.Debug|x64.Build.0 = Debug|x64
		{B77AD663-C3C3-47F5-8847-2A2389EB9E50}.Debug|x86.ActiveCfg = Debug|Win32
		{B77AD663-C3C3-47F5-8847-2A2389EB9E50}.Debug|x86.Build.0 = Debug|Win32
		{B77AD663-C3C3-47F5-8847-2A2389EB9E50}.Release|x64.ActiveCfg = Release|x64
		{B77AD663-C3C3-47F5-8847-2A2389EB9E50}.Release|x64.Build.0 = Release|x64
		{B77AD663-C3C3-47F5-8847-2A2389EB9E50}.Release|x86.ActiveCfg = Release|Win32
		{B77AD663-C3C3-47F5-8847-2A2389EB9E50}.Release|x86.Build.0 = Release|Win32
		{8910D1E0-B623-4544-8999-B3F426B39496}.Debug|x64.ActiveCfg = Debug|x64
		{8910D1E0-B623-4544-8999-B3F426B39496}.Debug|x64.Build.0 = Debug|x64
		{8910D1E0-B623-4544-8999-B3F426B39496}.Debug|x86.ActiveCfg = Debug|Win32
		{8910D1E0-B623-4544-8999-B3F426B39496}.Debug|x86.Build.0 = Debug|Win32
		{8910D1E0-B623-4544-8999-B3F426B39496}.Release|x64.ActiveCfg = Release|x64
		{8910D1E0-B623-4544-8999-B3F426B39496}.Release|x64.Build.0 = Release|x64
		{8910D1E0-B623-4544-8999-B3F426B39496}.Release|x86.ActiveCfg = Release|Win32
		{8910D1E0-B623-4544-8999-B3F426B39496}.Release|x86.Build.0 = Release|Win32
		{F515361E-FEC3-431D-A9B1-E9A9A1E5F3B4}.Debug|x64.ActiveCfg = Debug|x64
		{F515361E-FEC3-431D-A9B1-E9A9A1E5F3B4}.Debug|x64.Build.0 = Debug|x64
		{F515361E-FEC3-431D-A9B1-E9A9A1E5F3B4}.Debug|x86.ActiveCfg = Debug|Win32
		{F515361E-FEC3-431D-A9B1-E9A9A1E5F3B4}.Debug|x86.Build.0 = Debug|Win32
		{F515361E-FEC3-431D-A9B1-E9A9A1E5F3B4}.Release|x64.ActiveCfg = Release|x64
		{F515361E-FEC3-431D-A9B1-E9A9A1E5F3B4}.Release|x64.Build.0 = Release|x64
		{F515361E-FEC3-431D-A9B1-E9A9A1E5F3B4}.Release|x86.ActiveCfg = Release|Win32
		{F515361E-FEC3-431D-A9B1-E9A9A1E5F3B4}.Release|x86.Build.0 = Release|Win32
	EndGlobalSection
	GlobalSection(SolutionProperties) = preSolution
		HideSolutionNode = FALSE
	EndGlobalSection
	GlobalSection(ExtensibilityGlobals) = postSolution
		SolutionGuid = {38B82F46-A807-4484-AD2E-AD0E4DD76759}
	EndGlobalSection
EndGlobal
